github.com/RoaringBitmap/roaring v0.3.10 h1:EwmBOkCq2+K4IMG3QFUgVuY/rBOul41lGWNpx7hlYsY=
github.com/RoaringBitmap/roaring v0.4.2 h1:1sr4RJyccENSF6l949N6/LRyz92fcSlkefq/Zrz55jI=
github.com/RoaringBitmap/roaring v0.4.6 h1:Tsb0GCKbiM76b9QMq8wnVcPpEDDuKPnhP7cnhbvjvxc=
github.com/RoaringBitmap/roaring v0.4.6/go.mod h1:8khRDP4HmeXns4xIj9oGrKSz7XTQiJx2zgh7AcNke4w=
github.com/artyom/autoflags v1.1.0 h1:Cz3qb/qSkhmt/Zgsu3D/HwMJtKYUSV5kctI6O9bekv4=
github.com/artyom/autoflags v1.1.0/go.mod h1:Th9KgAVvFcYp7t8b//Pu21xHjExLpzr4SXCbwVbHL7Y=
github.com/artyom/red v0.0.0-20170208121325-d6616c8bb9ec h1:QZeKfanvuWoZJ/bh8HcOh+dVTVMQvcQuHOIlgd5OjQ8=
github.com/artyom/red v0.0.0-20170208121325-d6616c8bb9ec/go.mod h1:EEI3YwMIaopPkfZguw7QRpjFO22tAVZhBvh3ju5xVHs=
github.com/artyom/resp v0.0.0-20170119170417-9548a1125f15 h1:sIPeP8thZwsJ4/53l0U6d6TpqOTQt/BVLr9ghIlRHGk=
github.com/artyom/resp v1.0.0 h1:SVdA6KMZQ+NshbKtVd/gckbO4YIkZov8NhqL1QJbLXg=
github.com/artyom/resp v1.0.0/go.mod h1:bPgkZ66JCWLt9ZBLfyiJExQw2zsN6DpNG17ZuBfUtFw=
github.com/boltdb/bolt v1.3.1 h1:JQmyP4ZBrce+ZQu0dY660FMfatumYDLun9hBCUVIkF4=
github.com/boltdb/bolt v1.3.1/go.mod h1:clJnj/oiGkjum5o1McbSZDSLxVThjynRyGBgiAx27Ps=
github.com/glycerine/go-unsnap-stream v0.0.0-20171127062821-62a9a9eb44fd h1:f+V6G35pXW+wB7wqe3dcbRTeCk1J07CcpzM80nhxbBs=
github.com/glycerine/go-unsnap-stream v0.0.0-20180323001048-9f0cb55181dd h1:r04MMPyLHj/QwZuMJ5+7tJcBr1AQjpiAK/rZWRrQT7o=
github.com/glycerine/go-unsnap-stream v0.0.0-20180323001048-9f0cb55181dd/go.mod h1:/20jfyN9Y5QPEAprSgKAUr+glWDY39ZiUEAYOEv5dsE=
github.com/golang/snappy v0.0.0-20170215233205-553a64147049 h1:K9KHZbXKpGydfDN0aZrsoHpLJlZsBrGMFWbgLDGnPZk=
github.com/golang/snappy v0.0.0-20170215233205-553a64147049/go.mod h1:/XxbfmMg8lxefKM7IXC3fBNl/7bRcc72aCRzEWrmP2Q=
github.com/mediocregopher/radix.v2 v0.0.0-20170828160326-d234cfb904a9 h1:LGCsWeX+LnXGCqdryB2+KEpC5Qsm701e7LhT7QzKEIA=
github.com/mediocregopher/radix.v2 v0.0.0-20171222223842-4699b97613b7 h1:Q4Vcjr64nKH6uvK9B8Bvn4KDZG02J6VadN0ipbd7+bY=
github.com/mediocregopher/radix.v2 v0.0.0-20180415154522-596a3ed684d9 h1:/jJBiRh5U0KVcYDQwAvfbTI+w1ohX85Kprt2P3MEAps=
github.com/mediocregopher/radix.v2 v0.0.0-20180415154522-596a3ed684d9/go.mod h1:fLRUbhbSd5Px2yKUaGYYPltlyxi1guJz1vCmo1RQL50=
github.com/philhofer/fwd v1.0.0 h1:UbZqGr5Y38ApvM/V/jEljVxwocdweyH+vmYvRPBnbqQ=
github.com/philhofer/fwd v1.0.0/go.mod h1:gk3iGcWd9+svBvR0sR+KPcfE+RNWozjowpeBVG3ZVNU=
github.com/tinylib/msgp v1.0.2 h1:DfdQrzQa7Yh2es9SuLkixqxuXS2SxsdYn0KbdrOGWD8=
github.com/tinylib/msgp v1.0.2/go.mod h1:+d+yLhGm8mzTaHzB+wgMYrodPfmZrzkirds8fDWklFE=
